PODS:
  - FMDB (2.6.2):
    - FMDB/standard (= 2.6.2)
  - FMDB/standard (2.6.2)
  - SKYKit (0.22.1):
    - SKYKit/Core (= 0.22.1)
  - SKYKit/Core (0.22.1):
    - FMDB (~> 2.5)
    - SocketRocket (~> 0.4)
  - SocketRocket (0.5.1)

DEPENDENCIES:
  - SKYKit

SPEC CHECKSUMS:
  FMDB: 854a0341b4726e53276f2a8996f06f1b80f9259a
  SKYKit: c5e0138ad8c62df263cae51d8fdf2298163e00ff
  SocketRocket: d57c7159b83c3c6655745cd15302aa24b6bae531

PODFILE CHECKSUM: 3051bc78f9865cf52969a81016757d762f738955

COCOAPODS: 1.2.0
