PODS:
  - FMDB (2.6.2):
    - FMDB/standard (= 2.6.2)
  - FMDB/standard (2.6.2)
  - SKYKit (0.22.1):
    - SKYKit/Core (= 0.22.1)
  - SKYKit/Core (0.22.1):
    - FMDB (~> 2.5)
    - SocketRocket (~> 0.4)
  - SocketRocket (0.5.1)
  - SwiftyJSON (3.1.4)

DEPENDENCIES:
  - SKYKit
  - SwiftyJSON

SPEC CHECKSUMS:
  FMDB: 854a0341b4726e53276f2a8996f06f1b80f9259a
  SKYKit: c5e0138ad8c62df263cae51d8fdf2298163e00ff
  SocketRocket: d57c7159b83c3c6655745cd15302aa24b6bae531
  SwiftyJSON: c2842d878f95482ffceec5709abc3d05680c0220

PODFILE CHECKSUM: 6c894019fa22afbe415ec1394251ef24dac5aee1

COCOAPODS: 1.2.0
